
Microsoft Visual Studio Solution File, Format Version 12.00
# Visual Studio Version 16
VisualStudioVersion = 16.0.30523.141
MinimumVisualStudioVersion = 10.0.40219.1
Project("{FAE04EC0-301F-11D3-BF4B-00C04F79EFBC}") = "SistemaFarmacia", "SistemaFarmacia.csproj", "{7BFB5398-AF4B-4CA4-824C-E12AC771F16B}"
EndProject
Global
	GlobalSection(SolutionConfigurationPlatforms) = preSolution
		Debug|Any CPU = Debug|Any CPU
		Release|Any CPU = Release|Any CPU
	EndGlobalSection
	GlobalSection(ProjectConfigurationPlatforms) = postSolution
		{7BFB5398-AF4B-4CA4-824C-E12AC771F16B}.Debug|Any CPU.ActiveCfg = Debug|Any CPU
		{7BFB5398-AF4B-4CA4-824C-E12AC771F16B}.Debug|Any CPU.Build.0 = Debug|Any CPU
		{7BFB5398-AF4B-4CA4-824C-E12AC771F16B}.Release|Any CPU.ActiveCfg = Release|Any CPU
		{7BFB5398-AF4B-4CA4-824C-E12AC771F16B}.Release|Any CPU.Build.0 = Release|Any CPU
	EndGlobalSection
	GlobalSection(SolutionProperties) = preSolution
		HideSolutionNode = FALSE
	EndGlobalSection
	GlobalSection(ExtensibilityGlobals) = postSolution
		SolutionGuid = {6A8DB701-C118-4D27-84B4-6FFB078B9635}
	EndGlobalSection
EndGlobal
